{
    "requires": true,
    "lockfileVersion": 1,
    "dependencies": {
        "codemirror": {
            "version": "5.59.3",
            "resolved": "https://registry.npmjs.org/codemirror/-/codemirror-5.59.3.tgz",
            "integrity": "sha512-p1d4BjmBBssgnEGtQeWvE5PdiDffqZjiJ77h2FZ2J2BpW9qdOzf6v7IQscyE+TgyKBQS3PpsYimfEDNgcNRZGQ=="
        },
        "jquery": {
            "version": "3.5.1",
            "resolved": "https://registry.npmjs.org/jquery/-/jquery-3.5.1.tgz",
            "integrity": "sha512-XwIBPqcMn57FxfT+Go5pzySnm4KWkT1Tv7gjrpT1srtf8Weynl6R273VJ5GjkRb51IzMp5nbaPjJXMWeju2MKg=="
        },
        "js-tokens": {
            "version": "4.0.0",
            "resolved": "https://registry.npmjs.org/js-tokens/-/js-tokens-4.0.0.tgz",
            "integrity": "sha512-RdJUflcE3cUzKiMqQgsCu06FPu9UdIJO0beYbPhHN4k6apgJtifcoCtT9bcxOpYBtpD2kCM6Sbzg4CausW/PKQ=="
        },
        "loose-envify": {
            "version": "1.4.0",
            "resolved": "https://registry.npmjs.org/loose-envify/-/loose-envify-1.4.0.tgz",
            "integrity": "sha512-lyuxPGr/Wfhrlem2CL/UcnUc1zcqKAImBDzukY7Y5F/yQiNdko6+fRLevlw1HgMySw7f611UIY408EtxRSoK3Q==",
            "requires": {
                "js-tokens": "^3.0.0 || ^4.0.0"
            }
        },
        "object-assign": {
            "version": "4.1.1",
            "resolved": "https://registry.npmjs.org/object-assign/-/object-assign-4.1.1.tgz",
            "integrity": "sha1-IQmtx5ZYh8/AXLvUQsrIv7s2CGM="
        },
        "prop-types": {
            "version": "15.7.2",
            "resolved": "https://registry.npmjs.org/prop-types/-/prop-types-15.7.2.tgz",
            "integrity": "sha512-8QQikdH7//R2vurIJSutZ1smHYTcLpRWEOlHnzcWHmBYrOGUysKwSsrC89BCiFj3CbrfJ/nXFdJepOVrY1GCHQ==",
            "requires": {
                "loose-envify": "^1.4.0",
                "object-assign": "^4.1.1",
                "react-is": "^16.8.1"
            }
        },
        "react-is": {
            "version": "16.13.1",
            "resolved": "https://registry.npmjs.org/react-is/-/react-is-16.13.1.tgz",
            "integrity": "sha512-24e6ynE2H+OKt4kqsOvNd8kBpV65zoxbA4BVsEOB3ARVWQki/DHzaUoC5KuON/BiccDaCCTZBuOcfZs70kR8bQ=="
        },
        "react-summernote": {
            "version": "2.0.2",
            "resolved": "https://registry.npmjs.org/react-summernote/-/react-summernote-2.0.2.tgz",
            "integrity": "sha512-wVceqtDtz7PaPN7Agh2I22TZY+H0FZpjZuNDQB+Rpx0zSZeeYIBcltI6//XY6vDmOy4AOHpltEBFbYHMyo+Ibw==",
            "requires": {
                "codemirror": "^5.26.0",
                "prop-types": "^15.5.10",
                "summernote": "^0.8.15"
            }
        },
        "summernote": {
            "version": "0.8.18",
            "resolved": "https://registry.npmjs.org/summernote/-/summernote-0.8.18.tgz",
            "integrity": "sha512-VlwBaNm9vSYMYXvO2f3UCUmY0Gm8jxLcBn+D08aX3pKs4x2vAoyQ4DcDQ6D+PchQiLrf86AGQVfVu56F4aP3ug=="
        }
    }
}
